Microsoft Visual Studio Solution File, Format Version 11.00
# Visual Studio 2008

Project("{A024A553-269B-9E9A-DF34-DB6C2F37A392}") = "Rehab2015", "Assembly-CSharp.csproj", "{47DA4814-CCBA-6B17-4DBF-4F09D4C0C4F3}"
EndProject
Project("{A024A553-269B-9E9A-DF34-DB6C2F37A392}") = "Rehab2015", "Assembly-CSharp-Editor.csproj", "{E07474AF-82DD-1215-4D48-1E45917BCAF0}"
EndProject
Global
	GlobalSection(SolutionConfigurationPlatforms) = preSolution
		Debug|Any CPU = Debug|Any CPU
		Release|Any CPU = Release|Any CPU
	EndGlobalSection
	GlobalSection(ProjectConfigurationPlatforms) = postSolution
		{47DA4814-CCBA-6B17-4DBF-4F09D4C0C4F3}.Debug|Any CPU.ActiveCfg = Debug|Any CPU
		{47DA4814-CCBA-6B17-4DBF-4F09D4C0C4F3}.Debug|Any CPU.Build.0 = Debug|Any CPU
		{47DA4814-CCBA-6B17-4DBF-4F09D4C0C4F3}.Release|Any CPU.ActiveCfg = Release|Any CPU
		{47DA4814-CCBA-6B17-4DBF-4F09D4C0C4F3}.Release|Any CPU.Build.0 = Release|Any CPU
		{E07474AF-82DD-1215-4D48-1E45917BCAF0}.Debug|Any CPU.ActiveCfg = Debug|Any CPU
		{E07474AF-82DD-1215-4D48-1E45917BCAF0}.Debug|Any CPU.Build.0 = Debug|Any CPU
		{E07474AF-82DD-1215-4D48-1E45917BCAF0}.Release|Any CPU.ActiveCfg = Release|Any CPU
		{E07474AF-82DD-1215-4D48-1E45917BCAF0}.Release|Any CPU.Build.0 = Release|Any CPU
	EndGlobalSection
	GlobalSection(SolutionProperties) = preSolution
		HideSolutionNode = FALSE
	EndGlobalSection
																																				GlobalSection(MonoDevelopProperties) = preSolution
		StartupItem = Assembly-CSharp.csproj
		Policies = $0
		$0.TextStylePolicy = $1
		$1.inheritsSet = null
		$1.scope = text/x-csharp
		$0.CSharpFormattingPolicy = $2
		$2.inheritsSet = Mono
		$2.inheritsScope = text/x-csharp
		$2.scope = text/x-csharp
		$0.TextStylePolicy = $3
		$3.FileWidth = 120
		$3.TabWidth = 4
		$3.IndentWidth = 4
		$3.EolMarker = Unix
		$3.inheritsSet = Mono
		$3.inheritsScope = text/plain
		$3.scope = text/plain
	EndGlobalSection

EndGlobal
